{
    "_meta": {
        "hash": {
            "sha256": "223d80519198f900602b67c9bb8741dccc9823e31607fa1ed06ddcc5f09d3156"
        },
        "pipfile-spec": 6,
        "requires": {
            "python_version": "3.10"
        },
        "sources": [
            {
                "name": "pypi",
                "url": "https://pypi.org/simple",
                "verify_ssl": true
            }
        ]
    },
    "default": {
        "pygments": {
            "hashes": [
                "sha256:a18f47b506a429f6f4b9df81bb02beab9ca21d0a5fee38ed15aef65f0545519f",
                "sha256:d66e804411278594d764fc69ec36ec13d9ae9147193a1740cd34d272ca383b8e"
            ],
            "index": "pypi",
            "version": "==2.9.0"
        }
    },
    "develop": {}
}
